
Microsoft Visual Studio Solution File, Format Version 12.00
# Visual Studio 15
VisualStudioVersion = 15.0.28307.1022
MinimumVisualStudioVersion = 10.0.40219.1
Project("{8BC9CEB8-8B4A-11D0-8D11-00A0C91BC942}") = "Week3", "Week3\Week3.vcxproj", "{8275D651-29E8-481C-86AD-7BCDB6B84A09}"
EndProject
Global
	GlobalSection(SolutionConfigurationPlatforms) = preSolution
		Debug|x64 = Debug|x64
		Debug|x86 = Debug|x86
		Release|x64 = Release|x64
		Release|x86 = Release|x86
	EndGlobalSection
	GlobalSection(ProjectConfigurationPlatforms) = postSolution
		{8275D651-29E8-481C-86AD-7BCDB6B84A09}.Debug|x64.ActiveCfg = Debug|x64
		{8275D651-29E8-481C-86AD-7BCDB6B84A09}.Debug|x64.Build.0 = Debug|x64
		{8275D651-29E8-481C-86AD-7BCDB6B84A09}.Debug|x86.ActiveCfg = Debug|Win32
		{8275D651-29E8-481C-86AD-7BCDB6B84A09}.Debug|x86.Build.0 = Debug|Win32
		{8275D651-29E8-481C-86AD-7BCDB6B84A09}.Release|x64.ActiveCfg = Release|x64
		{8275D651-29E8-481C-86AD-7BCDB6B84A09}.Release|x64.Build.0 = Release|x64
		{8275D651-29E8-481C-86AD-7BCDB6B84A09}.Release|x86.ActiveCfg = Release|Win32
		{8275D651-29E8-481C-86AD-7BCDB6B84A09}.Release|x86.Build.0 = Release|Win32
	EndGlobalSection
	GlobalSection(SolutionProperties) = preSolution
		HideSolutionNode = FALSE
	EndGlobalSection
	GlobalSection(ExtensibilityGlobals) = postSolution
		SolutionGuid = {95AE6E92-2DFD-44C2-8F5A-B08C427A24EB}
	EndGlobalSection
EndGlobal
